{
  "requires": true,
  "lockfileVersion": 1,
  "dependencies": {
    "@fullcalendar/core": {
      "version": "4.0.1",
      "resolved": "https://registry.npmjs.org/@fullcalendar/core/-/core-4.0.1.tgz",
      "integrity": "sha512-dUhBtZ2hIuPFJP4Rr1QOFs5/nG5EAnzqMDvy1IZ0JEBw/+0Dwj4X55Ugb3buHBh5GDrQmPbZVW21mbcUqeTprQ=="
    },
    "@fullcalendar/daygrid": {
      "version": "4.0.1",
      "resolved": "https://registry.npmjs.org/@fullcalendar/daygrid/-/daygrid-4.0.1.tgz",
      "integrity": "sha512-nKFFKgTm5eijOukD6pjsQSLlsBoMrKuHXc00zaHaMWSeJndGHxtseR8oeHOnclNNScMKLXLNZthzEduSqqyuRw=="
    },
    "izitoast": {
      "version": "1.4.0",
      "resolved": "https://registry.npmjs.org/izitoast/-/izitoast-1.4.0.tgz",
      "integrity": "sha512-Oc1X2wiQtPp39i5VpIjf3GJf5sfCtHKXZ5szx7RareyEeFLUlcEW0FSfBni28+Ul6KNKZRKzhVuWzSP4Xngh0w=="
    },
    "jquery": {
      "version": "2.2.4",
      "resolved": "https://registry.npmjs.org/jquery/-/jquery-2.2.4.tgz",
      "integrity": "sha1-LInWiJterFIqfuoywUUhVZxsvwI="
    },
    "jquery-mask-plugin": {
      "version": "1.14.15",
      "resolved": "https://registry.npmjs.org/jquery-mask-plugin/-/jquery-mask-plugin-1.14.15.tgz",
      "integrity": "sha512-/mI1N5WG9E7JmjFWIQBIMuG/4QlZDAXuoNjHoqVWZSMah+go5hp/xKI/xC0Jud9Ly4HqqhFxY4AXLTUZT+J7Hg=="
    },
    "sweetalert2": {
      "version": "8.8.1",
      "resolved": "https://registry.npmjs.org/sweetalert2/-/sweetalert2-8.8.1.tgz",
      "integrity": "sha512-9SvZrgQW1X95F2k2LSHY7pU00dwB2v0ZXycX/jgWzAiXAQldPVqUozfU/uBnD95fLJIU+BeIoIUMXVOYdslDFA=="
    }
  }
}
